
Microsoft Visual Studio Solution File, Format Version 12.00
# Visual Studio Version 16
VisualStudioVersion = 16.0.29123.88
MinimumVisualStudioVersion = 10.0.40219.1
Project("{FAE04EC0-301F-11D3-BF4B-00C04F79EFBC}") = "NiceInputExample", "NiceInputExample\NiceInputExample.csproj", "{F6FB9B3B-7D38-4C30-B3B2-14A69F76B013}"
EndProject
Global
	GlobalSection(SolutionConfigurationPlatforms) = preSolution
		Debug|Any CPU = Debug|Any CPU
		Release|Any CPU = Release|Any CPU
	EndGlobalSection
	GlobalSection(ProjectConfigurationPlatforms) = postSolution
		{F6FB9B3B-7D38-4C30-B3B2-14A69F76B013}.Debug|Any CPU.ActiveCfg = Debug|Any CPU
		{F6FB9B3B-7D38-4C30-B3B2-14A69F76B013}.Debug|Any CPU.Build.0 = Debug|Any CPU
		{F6FB9B3B-7D38-4C30-B3B2-14A69F76B013}.Release|Any CPU.ActiveCfg = Release|Any CPU
		{F6FB9B3B-7D38-4C30-B3B2-14A69F76B013}.Release|Any CPU.Build.0 = Release|Any CPU
	EndGlobalSection
	GlobalSection(SolutionProperties) = preSolution
		HideSolutionNode = FALSE
	EndGlobalSection
	GlobalSection(ExtensibilityGlobals) = postSolution
		SolutionGuid = {592A5A19-D98D-4E5D-AE0F-EF3FD63D5004}
	EndGlobalSection
EndGlobal
