
Microsoft Visual Studio Solution File, Format Version 12.00
# Visual Studio Version 16
VisualStudioVersion = 16.0.30611.23
MinimumVisualStudioVersion = 10.0.40219.1
Project("{FAE04EC0-301F-11D3-BF4B-00C04F79EFBC}") = "WIFI.ToolLibrary.TestApplication", "WIFI.ToolLibrary.TestApplication\WIFI.ToolLibrary.TestApplication.csproj", "{9E34FB0B-1891-4FCE-A03E-42439FCB15C4}"
EndProject
Project("{FAE04EC0-301F-11D3-BF4B-00C04F79EFBC}") = "WIFI.ToolLibrary.ConsoleIO", "WIFI.ToolLibrary.Console\WIFI.ToolLibrary.ConsoleIO.csproj", "{3AEFC719-5152-4A3E-BC23-833F07D796F2}"
EndProject
Global
	GlobalSection(SolutionConfigurationPlatforms) = preSolution
		Debug|Any CPU = Debug|Any CPU
		Release|Any CPU = Release|Any CPU
	EndGlobalSection
	GlobalSection(ProjectConfigurationPlatforms) = postSolution
		{9E34FB0B-1891-4FCE-A03E-42439FCB15C4}.Debug|Any CPU.ActiveCfg = Debug|Any CPU
		{9E34FB0B-1891-4FCE-A03E-42439FCB15C4}.Debug|Any CPU.Build.0 = Debug|Any CPU
		{9E34FB0B-1891-4FCE-A03E-42439FCB15C4}.Release|Any CPU.ActiveCfg = Release|Any CPU
		{9E34FB0B-1891-4FCE-A03E-42439FCB15C4}.Release|Any CPU.Build.0 = Release|Any CPU
		{3AEFC719-5152-4A3E-BC23-833F07D796F2}.Debug|Any CPU.ActiveCfg = Debug|Any CPU
		{3AEFC719-5152-4A3E-BC23-833F07D796F2}.Debug|Any CPU.Build.0 = Debug|Any CPU
		{3AEFC719-5152-4A3E-BC23-833F07D796F2}.Release|Any CPU.ActiveCfg = Release|Any CPU
		{3AEFC719-5152-4A3E-BC23-833F07D796F2}.Release|Any CPU.Build.0 = Release|Any CPU
	EndGlobalSection
	GlobalSection(SolutionProperties) = preSolution
		HideSolutionNode = FALSE
	EndGlobalSection
	GlobalSection(ExtensibilityGlobals) = postSolution
		SolutionGuid = {DE09EE04-71B0-4C4C-AECE-845A2C18F3BC}
	EndGlobalSection
EndGlobal
